
Microsoft Visual Studio Solution File, Format Version 12.00
# Visual Studio 15
VisualStudioVersion = 15.0.28307.168
MinimumVisualStudioVersion = 10.0.40219.1
Project("{FAE04EC0-301F-11D3-BF4B-00C04F79EFBC}") = "ChatServer", "ChatServer\ChatServer.csproj", "{EC65941B-7A40-4188-944C-9DD9A3CD641D}"
EndProject
Global
	GlobalSection(SolutionConfigurationPlatforms) = preSolution
		Debug|Any CPU = Debug|Any CPU
		Release|Any CPU = Release|Any CPU
	EndGlobalSection
	GlobalSection(ProjectConfigurationPlatforms) = postSolution
		{EC65941B-7A40-4188-944C-9DD9A3CD641D}.Debug|Any CPU.ActiveCfg = Debug|Any CPU
		{EC65941B-7A40-4188-944C-9DD9A3CD641D}.Debug|Any CPU.Build.0 = Debug|Any CPU
		{EC65941B-7A40-4188-944C-9DD9A3CD641D}.Release|Any CPU.ActiveCfg = Release|Any CPU
		{EC65941B-7A40-4188-944C-9DD9A3CD641D}.Release|Any CPU.Build.0 = Release|Any CPU
	EndGlobalSection
	GlobalSection(SolutionProperties) = preSolution
		HideSolutionNode = FALSE
	EndGlobalSection
	GlobalSection(ExtensibilityGlobals) = postSolution
		SolutionGuid = {69EDBBE1-401B-4C86-A829-578A826A5056}
	EndGlobalSection
EndGlobal
